// !$*UTF8*$!
{
	archiveVersion = 1;
	classes = {
	};
	objectVersion = 56;
	objects = {

/* Begin PBXBuildFile section */
		C801DE302A25773F00542630 /* UserModel.xcdatamodeld in Sources */ = {isa = PBXBuildFile; fileRef = C801DE2E2A25773F00542630 /* UserModel.xcdatamodeld */; };
		C801DE322A25783B00542630 /* UserController.swift in Sources */ = {isa = PBXBuildFile; fileRef = C801DE312A25783B00542630 /* UserController.swift */; };
		C801DE342A25815000542630 /* UserViewModel.swift in Sources */ = {isa = PBXBuildFile; fileRef = C801DE332A25815000542630 /* UserViewModel.swift */; };
		C801DE362A25845B00542630 /* UsersView.swift in Sources */ = {isa = PBXBuildFile; fileRef = C801DE352A25845B00542630 /* UsersView.swift */; };
		C809ED6E2A297C8200E1928F /* CentralBankAPI.swift in Sources */ = {isa = PBXBuildFile; fileRef = C809ED6D2A297C8200E1928F /* CentralBankAPI.swift */; };
		C86DE6382A16F7040072A9A1 /* CodeBankMyAppApp.swift in Sources */ = {isa = PBXBuildFile; fileRef = C86DE6372A16F7040072A9A1 /* CodeBankMyAppApp.swift */; };
		C86DE63A2A16F7040072A9A1 /* ContentView.swift in Sources */ = {isa = PBXBuildFile; fileRef = C86DE6392A16F7040072A9A1 /* ContentView.swift */; };
		C86DE63C2A16F7050072A9A1 /* Assets.xcassets in Resources */ = {isa = PBXBuildFile; fileRef = C86DE63B2A16F7050072A9A1 /* Assets.xcassets */; };
		C86DE63F2A16F7050072A9A1 /* Preview Assets.xcassets in Resources */ = {isa = PBXBuildFile; fileRef = C86DE63E2A16F7050072A9A1 /* Preview Assets.xcassets */; };
		C86DE6492A16F7050072A9A1 /* CodeBankMyAppTests.swift in Sources */ = {isa = PBXBuildFile; fileRef = C86DE6482A16F7050072A9A1 /* CodeBankMyAppTests.swift */; };
		C86DE6532A16F7050072A9A1 /* CodeBankMyAppUITests.swift in Sources */ = {isa = PBXBuildFile; fileRef = C86DE6522A16F7050072A9A1 /* CodeBankMyAppUITests.swift */; };
		C86DE6552A16F7050072A9A1 /* CodeBankMyAppUITestsLaunchTests.swift in Sources */ = {isa = PBXBuildFile; fileRef = C86DE6542A16F7050072A9A1 /* CodeBankMyAppUITestsLaunchTests.swift */; };
		C86DE6632A1707BA0072A9A1 /* LoginUIView.swift in Sources */ = {isa = PBXBuildFile; fileRef = C86DE6622A1707BA0072A9A1 /* LoginUIView.swift */; };
		C885DB902A2979DB002D32FB /* Movement.swift in Sources */ = {isa = PBXBuildFile; fileRef = C885DB8F2A2979DB002D32FB /* Movement.swift */; };
		C8F18ABA2A1C2EE0007FDD6A /* SwiftUIView.swift in Sources */ = {isa = PBXBuildFile; fileRef = C8F18AB92A1C2EE0007FDD6A /* SwiftUIView.swift */; };
/* End PBXBuildFile section */

/* Begin PBXContainerItemProxy section */
		C86DE6452A16F7050072A9A1 /* PBXContainerItemProxy */ = {
			isa = PBXContainerItemProxy;
			containerPortal = C86DE62C2A16F7040072A9A1 /* Project object */;
			proxyType = 1;
			remoteGlobalIDString = C86DE6332A16F7040072A9A1;
			remoteInfo = CodeBankMyApp;
		};
		C86DE64F2A16F7050072A9A1 /* PBXContainerItemProxy */ = {
			isa = PBXContainerItemProxy;
			containerPortal = C86DE62C2A16F7040072A9A1 /* Project object */;
			proxyType = 1;
			remoteGlobalIDString = C86DE6332A16F7040072A9A1;
			remoteInfo = CodeBankMyApp;
		};
/* End PBXContainerItemProxy section */

/* Begin PBXFileReference section */
		C801DE2F2A25773F00542630 /* UserModel.xcdatamodel */ = {isa = PBXFileReference; lastKnownFileType = wrapper.xcdatamodel; path = UserModel.xcdatamodel; sourceTree = "<group>"; };
		C801DE312A25783B00542630 /* UserController.swift */ = {isa = PBXFileReference; lastKnownFileType = sourcecode.swift; path = UserController.swift; sourceTree = "<group>"; };
		C801DE332A25815000542630 /* UserViewModel.swift */ = {isa = PBXFileReference; lastKnownFileType = sourcecode.swift; path = UserViewModel.swift; sourceTree = "<group>"; };
		C801DE352A25845B00542630 /* UsersView.swift */ = {isa = PBXFileReference; lastKnownFileType = sourcecode.swift; path = UsersView.swift; sourceTree = "<group>"; };
		C809ED6D2A297C8200E1928F /* CentralBankAPI.swift */ = {isa = PBXFileReference; lastKnownFileType = sourcecode.swift; path = CentralBankAPI.swift; sourceTree = "<group>"; };
		C86DE6342A16F7040072A9A1 /* CodeBankMyApp.app */ = {isa = PBXFileReference; explicitFileType = wrapper.application; includeInIndex = 0; path = CodeBankMyApp.app; sourceTree = BUILT_PRODUCTS_DIR; };
		C86DE6372A16F7040072A9A1 /* CodeBankMyAppApp.swift */ = {isa = PBXFileReference; lastKnownFileType = sourcecode.swift; path = CodeBankMyAppApp.swift; sourceTree = "<group>"; };
		C86DE6392A16F7040072A9A1 /* ContentView.swift */ = {isa = PBXFileReference; lastKnownFileType = sourcecode.swift; path = ContentView.swift; sourceTree = "<group>"; };
		C86DE63B2A16F7050072A9A1 /* Assets.xcassets */ = {isa = PBXFileReference; lastKnownFileType = folder.assetcatalog; path = Assets.xcassets; sourceTree = "<group>"; };
		C86DE63E2A16F7050072A9A1 /* Preview Assets.xcassets */ = {isa = PBXFileReference; lastKnownFileType = folder.assetcatalog; path = "Preview Assets.xcassets"; sourceTree = "<group>"; };
		C86DE6442A16F7050072A9A1 /* CodeBankMyAppTests.xctest */ = {isa = PBXFileReference; explicitFileType = wrapper.cfbundle; includeInIndex = 0; path = CodeBankMyAppTests.xctest; sourceTree = BUILT_PRODUCTS_DIR; };
		C86DE6482A16F7050072A9A1 /* CodeBankMyAppTests.swift */ = {isa = PBXFileReference; lastKnownFileType = sourcecode.swift; path = CodeBankMyAppTests.swift; sourceTree = "<group>"; };
		C86DE64E2A16F7050072A9A1 /* CodeBankMyAppUITests.xctest */ = {isa = PBXFileReference; explicitFileType = wrapper.cfbundle; includeInIndex = 0; path = CodeBankMyAppUITests.xctest; sourceTree = BUILT_PRODUCTS_DIR; };
		C86DE6522A16F7050072A9A1 /* CodeBankMyAppUITests.swift */ = {isa = PBXFileReference; lastKnownFileType = sourcecode.swift; path = CodeBankMyAppUITests.swift; sourceTree = "<group>"; };
		C86DE6542A16F7050072A9A1 /* CodeBankMyAppUITestsLaunchTests.swift */ = {isa = PBXFileReference; lastKnownFileType = sourcecode.swift; path = CodeBankMyAppUITestsLaunchTests.swift; sourceTree = "<group>"; };
		C86DE6622A1707BA0072A9A1 /* LoginUIView.swift */ = {isa = PBXFileReference; lastKnownFileType = sourcecode.swift; path = LoginUIView.swift; sourceTree = "<group>"; };
		C885DB8F2A2979DB002D32FB /* Movement.swift */ = {isa = PBXFileReference; lastKnownFileType = sourcecode.swift; path = Movement.swift; sourceTree = "<group>"; };
		C8F18AB92A1C2EE0007FDD6A /* SwiftUIView.swift */ = {isa = PBXFileReference; lastKnownFileType = sourcecode.swift; path = SwiftUIView.swift; sourceTree = "<group>"; };
/* End PBXFileReference section */

/* Begin PBXFrameworksBuildPhase section */
		C86DE6312A16F7040072A9A1 /* Frameworks */ = {
			isa = PBXFrameworksBuildPhase;
			buildActionMask = 2147483647;
			files = (
			);
			runOnlyForDeploymentPostprocessing = 0;
		};
		C86DE6412A16F7050072A9A1 /* Frameworks */ = {
			isa = PBXFrameworksBuildPhase;
			buildActionMask = 2147483647;
			files = (
			);
			runOnlyForDeploymentPostprocessing = 0;
		};
		C86DE64B2A16F7050072A9A1 /* Frameworks */ = {
			isa = PBXFrameworksBuildPhase;
			buildActionMask = 2147483647;
			files = (
			);
			runOnlyForDeploymentPostprocessing = 0;
		};
/* End PBXFrameworksBuildPhase section */

/* Begin PBXGroup section */
		C801DE2D2A2576E100542630 /* User */ = {
			isa = PBXGroup;
			children = (
				C801DE2E2A25773F00542630 /* UserModel.xcdatamodeld */,
				C801DE312A25783B00542630 /* UserController.swift */,
				C801DE332A25815000542630 /* UserViewModel.swift */,
				C801DE352A25845B00542630 /* UsersView.swift */,
			);
			path = User;
			sourceTree = "<group>";
		};
		C86DE62B2A16F7040072A9A1 = {
			isa = PBXGroup;
			children = (
				C86DE6362A16F7040072A9A1 /* CodeBankMyApp */,
				C86DE6472A16F7050072A9A1 /* CodeBankMyAppTests */,
				C86DE6512A16F7050072A9A1 /* CodeBankMyAppUITests */,
				C86DE6352A16F7040072A9A1 /* Products */,
			);
			sourceTree = "<group>";
		};
		C86DE6352A16F7040072A9A1 /* Products */ = {
			isa = PBXGroup;
			children = (
				C86DE6342A16F7040072A9A1 /* CodeBankMyApp.app */,
				C86DE6442A16F7050072A9A1 /* CodeBankMyAppTests.xctest */,
				C86DE64E2A16F7050072A9A1 /* CodeBankMyAppUITests.xctest */,
			);
			name = Products;
			sourceTree = "<group>";
		};
		C86DE6362A16F7040072A9A1 /* CodeBankMyApp */ = {
			isa = PBXGroup;
			children = (
				C801DE2D2A2576E100542630 /* User */,
				C8F18AB82A1C2EC2007FDD6A /* Movements */,
				C86DE6612A1707210072A9A1 /* login */,
				C86DE6372A16F7040072A9A1 /* CodeBankMyAppApp.swift */,
				C86DE6392A16F7040072A9A1 /* ContentView.swift */,
				C86DE63B2A16F7050072A9A1 /* Assets.xcassets */,
				C86DE63D2A16F7050072A9A1 /* Preview Content */,
			);
			path = CodeBankMyApp;
			sourceTree = "<group>";
		};
		C86DE63D2A16F7050072A9A1 /* Preview Content */ = {
			isa = PBXGroup;
			children = (
				C86DE63E2A16F7050072A9A1 /* Preview Assets.xcassets */,
			);
			path = "Preview Content";
			sourceTree = "<group>";
		};
		C86DE6472A16F7050072A9A1 /* CodeBankMyAppTests */ = {
			isa = PBXGroup;
			children = (
				C86DE6482A16F7050072A9A1 /* CodeBankMyAppTests.swift */,
			);
			path = CodeBankMyAppTests;
			sourceTree = "<group>";
		};
		C86DE6512A16F7050072A9A1 /* CodeBankMyAppUITests */ = {
			isa = PBXGroup;
			children = (
				C86DE6522A16F7050072A9A1 /* CodeBankMyAppUITests.swift */,
				C86DE6542A16F7050072A9A1 /* CodeBankMyAppUITestsLaunchTests.swift */,
			);
			path = CodeBankMyAppUITests;
			sourceTree = "<group>";
		};
		C86DE6612A1707210072A9A1 /* login */ = {
			isa = PBXGroup;
			children = (
				C86DE6622A1707BA0072A9A1 /* LoginUIView.swift */,
			);
			path = login;
			sourceTree = "<group>";
		};
		C8F18AB82A1C2EC2007FDD6A /* Movements */ = {
			isa = PBXGroup;
			children = (
				C8F18AB92A1C2EE0007FDD6A /* SwiftUIView.swift */,
				C885DB8F2A2979DB002D32FB /* Movement.swift */,
				C809ED6D2A297C8200E1928F /* CentralBankAPI.swift */,
			);
			path = Movements;
			sourceTree = "<group>";
		};
/* End PBXGroup section */

/* Begin PBXNativeTarget section */
		C86DE6332A16F7040072A9A1 /* CodeBankMyApp */ = {
			isa = PBXNativeTarget;
			buildConfigurationList = C86DE6582A16F7050072A9A1 /* Build configuration list for PBXNativeTarget "CodeBankMyApp" */;
			buildPhases = (
				C86DE6302A16F7040072A9A1 /* Sources */,
				C86DE6312A16F7040072A9A1 /* Frameworks */,
				C86DE6322A16F7040072A9A1 /* Resources */,
			);
			buildRules = (
			);
			dependencies = (
			);
			name = CodeBankMyApp;
			productName = CodeBankMyApp;
			productReference = C86DE6342A16F7040072A9A1 /* CodeBankMyApp.app */;
			productType = "com.apple.product-type.application";
		};
		C86DE6432A16F7050072A9A1 /* CodeBankMyAppTests */ = {
			isa = PBXNativeTarget;
			buildConfigurationList = C86DE65B2A16F7050072A9A1 /* Build configuration list for PBXNativeTarget "CodeBankMyAppTests" */;
			buildPhases = (
				C86DE6402A16F7050072A9A1 /* Sources */,
				C86DE6412A16F7050072A9A1 /* Frameworks */,
				C86DE6422A16F7050072A9A1 /* Resources */,
			);
			buildRules = (
			);
			dependencies = (
				C86DE6462A16F7050072A9A1 /* PBXTargetDependency */,
			);
			name = CodeBankMyAppTests;
			productName = CodeBankMyAppTests;
			productReference = C86DE6442A16F7050072A9A1 /* CodeBankMyAppTests.xctest */;
			productType = "com.apple.product-type.bundle.unit-test";
		};
		C86DE64D2A16F7050072A9A1 /* CodeBankMyAppUITests */ = {
			isa = PBXNativeTarget;
			buildConfigurationList = C86DE65E2A16F7050072A9A1 /* Build configuration list for PBXNativeTarget "CodeBankMyAppUITests" */;
			buildPhases = (
				C86DE64A2A16F7050072A9A1 /* Sources */,
				C86DE64B2A16F7050072A9A1 /* Frameworks */,
				C86DE64C2A16F7050072A9A1 /* Resources */,
			);
			buildRules = (
			);
			dependencies = (
				C86DE6502A16F7050072A9A1 /* PBXTargetDependency */,
			);
			name = CodeBankMyAppUITests;
			productName = CodeBankMyAppUITests;
			productReference = C86DE64E2A16F7050072A9A1 /* CodeBankMyAppUITests.xctest */;
			productType = "com.apple.product-type.bundle.ui-testing";
		};
/* End PBXNativeTarget section */

/* Begin PBXProject section */
		C86DE62C2A16F7040072A9A1 /* Project object */ = {
			isa = PBXProject;
			attributes = {
				BuildIndependentTargetsInParallel = 1;
				LastSwiftUpdateCheck = 1430;
				LastUpgradeCheck = 1430;
				TargetAttributes = {
					C86DE6332A16F7040072A9A1 = {
						CreatedOnToolsVersion = 14.3;
					};
					C86DE6432A16F7050072A9A1 = {
						CreatedOnToolsVersion = 14.3;
						TestTargetID = C86DE6332A16F7040072A9A1;
					};
					C86DE64D2A16F7050072A9A1 = {
						CreatedOnToolsVersion = 14.3;
						TestTargetID = C86DE6332A16F7040072A9A1;
					};
				};
			};
			buildConfigurationList = C86DE62F2A16F7040072A9A1 /* Build configuration list for PBXProject "CodeBankMyApp" */;
			compatibilityVersion = "Xcode 14.0";
			developmentRegion = en;
			hasScannedForEncodings = 0;
			knownRegions = (
				en,
				Base,
			);
			mainGroup = C86DE62B2A16F7040072A9A1;
			productRefGroup = C86DE6352A16F7040072A9A1 /* Products */;
			projectDirPath = "";
			projectRoot = "";
			targets = (
				C86DE6332A16F7040072A9A1 /* CodeBankMyApp */,
				C86DE6432A16F7050072A9A1 /* CodeBankMyAppTests */,
				C86DE64D2A16F7050072A9A1 /* CodeBankMyAppUITests */,
			);
		};
/* End PBXProject section */

/* Begin PBXResourcesBuildPhase section */
		C86DE6322A16F7040072A9A1 /* Resources */ = {
			isa = PBXResourcesBuildPhase;
			buildActionMask = 2147483647;
			files = (
				C86DE63F2A16F7050072A9A1 /* Preview Assets.xcassets in Resources */,
				C86DE63C2A16F7050072A9A1 /* Assets.xcassets in Resources */,
			);
			runOnlyForDeploymentPostprocessing = 0;
		};
		C86DE6422A16F7050072A9A1 /* Resources */ = {
			isa = PBXResourcesBuildPhase;
			buildActionMask = 2147483647;
			files = (
			);
			runOnlyForDeploymentPostprocessing = 0;
		};
		C86DE64C2A16F7050072A9A1 /* Resources */ = {
			isa = PBXResourcesBuildPhase;
			buildActionMask = 2147483647;
			files = (
			);
			runOnlyForDeploymentPostprocessing = 0;
		};
/* End PBXResourcesBuildPhase section */

/* Begin PBXSourcesBuildPhase section */
		C86DE6302A16F7040072A9A1 /* Sources */ = {
			isa = PBXSourcesBuildPhase;
			buildActionMask = 2147483647;
			files = (
				C801DE322A25783B00542630 /* UserController.swift in Sources */,
				C801DE302A25773F00542630 /* UserModel.xcdatamodeld in Sources */,
				C885DB902A2979DB002D32FB /* Movement.swift in Sources */,
				C86DE6632A1707BA0072A9A1 /* LoginUIView.swift in Sources */,
				C86DE63A2A16F7040072A9A1 /* ContentView.swift in Sources */,
				C8F18ABA2A1C2EE0007FDD6A /* SwiftUIView.swift in Sources */,
				C809ED6E2A297C8200E1928F /* CentralBankAPI.swift in Sources */,
				C801DE342A25815000542630 /* UserViewModel.swift in Sources */,
				C86DE6382A16F7040072A9A1 /* CodeBankMyAppApp.swift in Sources */,
				C801DE362A25845B00542630 /* UsersView.swift in Sources */,
			);
			runOnlyForDeploymentPostprocessing = 0;
		};
		C86DE6402A16F7050072A9A1 /* Sources */ = {
			isa = PBXSourcesBuildPhase;
			buildActionMask = 2147483647;
			files = (
				C86DE6492A16F7050072A9A1 /* CodeBankMyAppTests.swift in Sources */,
			);
			runOnlyForDeploymentPostprocessing = 0;
		};
		C86DE64A2A16F7050072A9A1 /* Sources */ = {
			isa = PBXSourcesBuildPhase;
			buildActionMask = 2147483647;
			files = (
				C86DE6532A16F7050072A9A1 /* CodeBankMyAppUITests.swift in Sources */,
				C86DE6552A16F7050072A9A1 /* CodeBankMyAppUITestsLaunchTests.swift in Sources */,
			);
			runOnlyForDeploymentPostprocessing = 0;
		};
/* End PBXSourcesBuildPhase section */

/* Begin PBXTargetDependency section */
		C86DE6462A16F7050072A9A1 /* PBXTargetDependency */ = {
			isa = PBXTargetDependency;
			target = C86DE6332A16F7040072A9A1 /* CodeBankMyApp */;
			targetProxy = C86DE6452A16F7050072A9A1 /* PBXContainerItemProxy */;
		};
		C86DE6502A16F7050072A9A1 /* PBXTargetDependency */ = {
			isa = PBXTargetDependency;
			target = C86DE6332A16F7040072A9A1 /* CodeBankMyApp */;
			targetProxy = C86DE64F2A16F7050072A9A1 /* PBXContainerItemProxy */;
		};
/* End PBXTargetDependency section */

/* Begin XCBuildConfiguration section */
		C86DE6562A16F7050072A9A1 /* Debug */ = {
			isa = XCBuildConfiguration;
			buildSettings = {
				ALWAYS_SEARCH_USER_PATHS = NO;
				CLANG_ANALYZER_NONNULL = YES;
				CLANG_ANALYZER_NUMBER_OBJECT_CONVERSION = YES_AGGRESSIVE;
				CLANG_CXX_LANGUAGE_STANDARD = "gnu++20";
				CLANG_ENABLE_MODULES = YES;
				CLANG_ENABLE_OBJC_ARC = YES;
				CLANG_ENABLE_OBJC_WEAK = YES;
				CLANG_WARN_BLOCK_CAPTURE_AUTORELEASING = YES;
				CLANG_WARN_BOOL_CONVERSION = YES;
				CLANG_WARN_COMMA = YES;
				CLANG_WARN_CONSTANT_CONVERSION = YES;
				CLANG_WARN_DEPRECATED_OBJC_IMPLEMENTATIONS = YES;
				CLANG_WARN_DIRECT_OBJC_ISA_USAGE = YES_ERROR;
				CLANG_WARN_DOCUMENTATION_COMMENTS = YES;
				CLANG_WARN_EMPTY_BODY = YES;
				CLANG_WARN_ENUM_CONVERSION = YES;
				CLANG_WARN_INFINITE_RECURSION = YES;
				CLANG_WARN_INT_CONVERSION = YES;
				CLANG_WARN_NON_LITERAL_NULL_CONVERSION = YES;
				CLANG_WARN_OBJC_IMPLICIT_RETAIN_SELF = YES;
				CLANG_WARN_OBJC_LITERAL_CONVERSION = YES;
				CLANG_WARN_OBJC_ROOT_CLASS = YES_ERROR;
				CLANG_WARN_QUOTED_INCLUDE_IN_FRAMEWORK_HEADER = YES;
				CLANG_WARN_RANGE_LOOP_ANALYSIS = YES;
				CLANG_WARN_STRICT_PROTOTYPES = YES;
				CLANG_WARN_SUSPICIOUS_MOVE = YES;
				CLANG_WARN_UNGUARDED_AVAILABILITY = YES_AGGRESSIVE;
				CLANG_WARN_UNREACHABLE_CODE = YES;
				CLANG_WARN__DUPLICATE_METHOD_MATCH = YES;
				COPY_PHASE_STRIP = NO;
				DEBUG_INFORMATION_FORMAT = dwarf;
				ENABLE_STRICT_OBJC_MSGSEND = YES;
				ENABLE_TESTABILITY = YES;
				GCC_C_LANGUAGE_STANDARD = gnu11;
				GCC_DYNAMIC_NO_PIC = NO;
				GCC_NO_COMMON_BLOCKS = YES;
				GCC_OPTIMIZATION_LEVEL = 0;
				GCC_PREPROCESSOR_DEFINITIONS = (
					"DEBUG=1",
					"$(inherited)",
				);
				GCC_WARN_64_TO_32_BIT_CONVERSION = YES;
				GCC_WARN_ABOUT_RETURN_TYPE = YES_ERROR;
				GCC_WARN_UNDECLARED_SELECTOR = YES;
				GCC_WARN_UNINITIALIZED_AUTOS = YES_AGGRESSIVE;
				GCC_WARN_UNUSED_FUNCTION = YES;
				GCC_WARN_UNUSED_VARIABLE = YES;
				IPHONEOS_DEPLOYMENT_TARGET = 16.4;
				MTL_ENABLE_DEBUG_INFO = INCLUDE_SOURCE;
				MTL_FAST_MATH = YES;
				ONLY_ACTIVE_ARCH = YES;
				SDKROOT = iphoneos;
				SWIFT_ACTIVE_COMPILATION_CONDITIONS = DEBUG;
				SWIFT_OPTIMIZATION_LEVEL = "-Onone";
			};
			name = Debug;
		};
		C86DE6572A16F7050072A9A1 /* Release */ = {
			isa = XCBuildConfiguration;
			buildSettings = {
				ALWAYS_SEARCH_USER_PATHS = NO;
				CLANG_ANALYZER_NONNULL = YES;
				CLANG_ANALYZER_NUMBER_OBJECT_CONVERSION = YES_AGGRESSIVE;
				CLANG_CXX_LANGUAGE_STANDARD = "gnu++20";
				CLANG_ENABLE_MODULES = YES;
				CLANG_ENABLE_OBJC_ARC = YES;
				CLANG_ENABLE_OBJC_WEAK = YES;
				CLANG_WARN_BLOCK_CAPTURE_AUTORELEASING = YES;
				CLANG_WARN_BOOL_CONVERSION = YES;
				CLANG_WARN_COMMA = YES;
				CLANG_WARN_CONSTANT_CONVERSION = YES;
				CLANG_WARN_DEPRECATED_OBJC_IMPLEMENTATIONS = YES;
				CLANG_WARN_DIRECT_OBJC_ISA_USAGE = YES_ERROR;
				CLANG_WARN_DOCUMENTATION_COMMENTS = YES;
				CLANG_WARN_EMPTY_BODY = YES;
				CLANG_WARN_ENUM_CONVERSION = YES;
				CLANG_WARN_INFINITE_RECURSION = YES;
				CLANG_WARN_INT_CONVERSION = YES;
				CLANG_WARN_NON_LITERAL_NULL_CONVERSION = YES;
				CLANG_WARN_OBJC_IMPLICIT_RETAIN_SELF = YES;
				CLANG_WARN_OBJC_LITERAL_CONVERSION = YES;
				CLANG_WARN_OBJC_ROOT_CLASS = YES_ERROR;
				CLANG_WARN_QUOTED_INCLUDE_IN_FRAMEWORK_HEADER = YES;
				CLANG_WARN_RANGE_LOOP_ANALYSIS = YES;
				CLANG_WARN_STRICT_PROTOTYPES = YES;
				CLANG_WARN_SUSPICIOUS_MOVE = YES;
				CLANG_WARN_UNGUARDED_AVAILABILITY = YES_AGGRESSIVE;
				CLANG_WARN_UNREACHABLE_CODE = YES;
				CLANG_WARN__DUPLICATE_METHOD_MATCH = YES;
				COPY_PHASE_STRIP = NO;
				DEBUG_INFORMATION_FORMAT = "dwarf-with-dsym";
				ENABLE_NS_ASSERTIONS = NO;
				ENABLE_STRICT_OBJC_MSGSEND = YES;
				GCC_C_LANGUAGE_STANDARD = gnu11;
				GCC_NO_COMMON_BLOCKS = YES;
				GCC_WARN_64_TO_32_BIT_CONVERSION = YES;
				GCC_WARN_ABOUT_RETURN_TYPE = YES_ERROR;
				GCC_WARN_UNDECLARED_SELECTOR = YES;
				GCC_WARN_UNINITIALIZED_AUTOS = YES_AGGRESSIVE;
				GCC_WARN_UNUSED_FUNCTION = YES;
				GCC_WARN_UNUSED_VARIABLE = YES;
				IPHONEOS_DEPLOYMENT_TARGET = 16.4;
				MTL_ENABLE_DEBUG_INFO = NO;
				MTL_FAST_MATH = YES;
				SDKROOT = iphoneos;
				SWIFT_COMPILATION_MODE = wholemodule;
				SWIFT_OPTIMIZATION_LEVEL = "-O";
				VALIDATE_PRODUCT = YES;
			};
			name = Release;
		};
		C86DE6592A16F7050072A9A1 /* Debug */ = {
			isa = XCBuildConfiguration;
			buildSettings = {
				ASSETCATALOG_COMPILER_APPICON_NAME = AppIcon;
				ASSETCATALOG_COMPILER_GLOBAL_ACCENT_COLOR_NAME = AccentColor;
				CODE_SIGN_STYLE = Automatic;
				CURRENT_PROJECT_VERSION = 1;
				DEVELOPMENT_ASSET_PATHS = "\"CodeBankMyApp/Preview Content\"";
				ENABLE_PREVIEWS = YES;
				GENERATE_INFOPLIST_FILE = YES;
				INFOPLIST_KEY_LSApplicationCategoryType = "public.app-category.finance";
				INFOPLIST_KEY_NSFaceIDUsageDescription = "";
				INFOPLIST_KEY_UIApplicationSceneManifest_Generation = YES;
				INFOPLIST_KEY_UIApplicationSupportsIndirectInputEvents = YES;
				INFOPLIST_KEY_UILaunchScreen_Generation = YES;
				INFOPLIST_KEY_UIStatusBarStyle = "";
				INFOPLIST_KEY_UISupportedInterfaceOrientations_iPad = "UIInterfaceOrientationPortrait UIInterfaceOrientationPortraitUpsideDown UIInterfaceOrientationLandscapeLeft UIInterfaceOrientationLandscapeRight";
				INFOPLIST_KEY_UISupportedInterfaceOrientations_iPhone = "UIInterfaceOrientationPortrait UIInterfaceOrientationLandscapeLeft UIInterfaceOrientationLandscapeRight";
				IPHONEOS_DEPLOYMENT_TARGET = 16.0;
				LD_RUNPATH_SEARCH_PATHS = (
					"$(inherited)",
					"@executable_path/Frameworks",
				);
				MARKETING_VERSION = 1.0;
				PRODUCT_BUNDLE_IDENTIFIER = com.CodeBank.CodeBankMyApp;
				PRODUCT_NAME = "$(TARGET_NAME)";
				SWIFT_EMIT_LOC_STRINGS = YES;
				SWIFT_VERSION = 5.0;
				TARGETED_DEVICE_FAMILY = "1,2";
			};
			name = Debug;
		};
		C86DE65A2A16F7050072A9A1 /* Release */ = {
			isa = XCBuildConfiguration;
			buildSettings = {
				ASSETCATALOG_COMPILER_APPICON_NAME = AppIcon;
				ASSETCATALOG_COMPILER_GLOBAL_ACCENT_COLOR_NAME = AccentColor;
				CODE_SIGN_STYLE = Automatic;
				CURRENT_PROJECT_VERSION = 1;
				DEVELOPMENT_ASSET_PATHS = "\"CodeBankMyApp/Preview Content\"";
				ENABLE_PREVIEWS = YES;
				GENERATE_INFOPLIST_FILE = YES;
				INFOPLIST_KEY_LSApplicationCategoryType = "public.app-category.finance";
				INFOPLIST_KEY_NSFaceIDUsageDescription = "";
				INFOPLIST_KEY_UIApplicationSceneManifest_Generation = YES;
				INFOPLIST_KEY_UIApplicationSupportsIndirectInputEvents = YES;
				INFOPLIST_KEY_UILaunchScreen_Generation = YES;
				INFOPLIST_KEY_UIStatusBarStyle = "";
				INFOPLIST_KEY_UISupportedInterfaceOrientations_iPad = "UIInterfaceOrientationPortrait UIInterfaceOrientationPortraitUpsideDown UIInterfaceOrientationLandscapeLeft UIInterfaceOrientationLandscapeRight";
				INFOPLIST_KEY_UISupportedInterfaceOrientations_iPhone = "UIInterfaceOrientationPortrait UIInterfaceOrientationLandscapeLeft UIInterfaceOrientationLandscapeRight";
				IPHONEOS_DEPLOYMENT_TARGET = 16.0;
				LD_RUNPATH_SEARCH_PATHS = (
					"$(inherited)",
					"@executable_path/Frameworks",
				);
				MARKETING_VERSION = 1.0;
				PRODUCT_BUNDLE_IDENTIFIER = com.CodeBank.CodeBankMyApp;
				PRODUCT_NAME = "$(TARGET_NAME)";
				SWIFT_EMIT_LOC_STRINGS = YES;
				SWIFT_VERSION = 5.0;
				TARGETED_DEVICE_FAMILY = "1,2";
			};
			name = Release;
		};
		C86DE65C2A16F7050072A9A1 /* Debug */ = {
			isa = XCBuildConfiguration;
			buildSettings = {
				ALWAYS_EMBED_SWIFT_STANDARD_LIBRARIES = YES;
				BUNDLE_LOADER = "$(TEST_HOST)";
				CODE_SIGN_STYLE = Automatic;
				CURRENT_PROJECT_VERSION = 1;
				GENERATE_INFOPLIST_FILE = YES;
				IPHONEOS_DEPLOYMENT_TARGET = 16.4;
				MARKETING_VERSION = 1.0;
				PRODUCT_BUNDLE_IDENTIFIER = com.CodeBank.CodeBankMyAppTests;
				PRODUCT_NAME = "$(TARGET_NAME)";
				SWIFT_EMIT_LOC_STRINGS = NO;
				SWIFT_VERSION = 5.0;
				TARGETED_DEVICE_FAMILY = "1,2";
				TEST_HOST = "$(BUILT_PRODUCTS_DIR)/CodeBankMyApp.app/$(BUNDLE_EXECUTABLE_FOLDER_PATH)/CodeBankMyApp";
			};
			name = Debug;
		};
		C86DE65D2A16F7050072A9A1 /* Release */ = {
			isa = XCBuildConfiguration;
			buildSettings = {
				ALWAYS_EMBED_SWIFT_STANDARD_LIBRARIES = YES;
				BUNDLE_LOADER = "$(TEST_HOST)";
				CODE_SIGN_STYLE = Automatic;
				CURRENT_PROJECT_VERSION = 1;
				GENERATE_INFOPLIST_FILE = YES;
				IPHONEOS_DEPLOYMENT_TARGET = 16.4;
				MARKETING_VERSION = 1.0;
				PRODUCT_BUNDLE_IDENTIFIER = com.CodeBank.CodeBankMyAppTests;
				PRODUCT_NAME = "$(TARGET_NAME)";
				SWIFT_EMIT_LOC_STRINGS = NO;
				SWIFT_VERSION = 5.0;
				TARGETED_DEVICE_FAMILY = "1,2";
				TEST_HOST = "$(BUILT_PRODUCTS_DIR)/CodeBankMyApp.app/$(BUNDLE_EXECUTABLE_FOLDER_PATH)/CodeBankMyApp";
			};
			name = Release;
		};
		C86DE65F2A16F7050072A9A1 /* Debug */ = {
			isa = XCBuildConfiguration;
			buildSettings = {
				ALWAYS_EMBED_SWIFT_STANDARD_LIBRARIES = YES;
				CODE_SIGN_STYLE = Automatic;
				CURRENT_PROJECT_VERSION = 1;
				GENERATE_INFOPLIST_FILE = YES;
				MARKETING_VERSION = 1.0;
				PRODUCT_BUNDLE_IDENTIFIER = com.CodeBank.CodeBankMyAppUITests;
				PRODUCT_NAME = "$(TARGET_NAME)";
				SWIFT_EMIT_LOC_STRINGS = NO;
				SWIFT_VERSION = 5.0;
				TARGETED_DEVICE_FAMILY = "1,2";
				TEST_TARGET_NAME = CodeBankMyApp;
			};
			name = Debug;
		};
		C86DE6602A16F7050072A9A1 /* Release */ = {
			isa = XCBuildConfiguration;
			buildSettings = {
				ALWAYS_EMBED_SWIFT_STANDARD_LIBRARIES = YES;
				CODE_SIGN_STYLE = Automatic;
				CURRENT_PROJECT_VERSION = 1;
				GENERATE_INFOPLIST_FILE = YES;
				MARKETING_VERSION = 1.0;
				PRODUCT_BUNDLE_IDENTIFIER = com.CodeBank.CodeBankMyAppUITests;
				PRODUCT_NAME = "$(TARGET_NAME)";
				SWIFT_EMIT_LOC_STRINGS = NO;
				SWIFT_VERSION = 5.0;
				TARGETED_DEVICE_FAMILY = "1,2";
				TEST_TARGET_NAME = CodeBankMyApp;
			};
			name = Release;
		};
/* End XCBuildConfiguration section */

/* Begin XCConfigurationList section */
		C86DE62F2A16F7040072A9A1 /* Build configuration list for PBXProject "CodeBankMyApp" */ = {
			isa = XCConfigurationList;
			buildConfigurations = (
				C86DE6562A16F7050072A9A1 /* Debug */,
				C86DE6572A16F7050072A9A1 /* Release */,
			);
			defaultConfigurationIsVisible = 0;
			defaultConfigurationName = Release;
		};
		C86DE6582A16F7050072A9A1 /* Build configuration list for PBXNativeTarget "CodeBankMyApp" */ = {
			isa = XCConfigurationList;
			buildConfigurations = (
				C86DE6592A16F7050072A9A1 /* Debug */,
				C86DE65A2A16F7050072A9A1 /* Release */,
			);
			defaultConfigurationIsVisible = 0;
			defaultConfigurationName = Release;
		};
		C86DE65B2A16F7050072A9A1 /* Build configuration list for PBXNativeTarget "CodeBankMyAppTests" */ = {
			isa = XCConfigurationList;
			buildConfigurations = (
				C86DE65C2A16F7050072A9A1 /* Debug */,
				C86DE65D2A16F7050072A9A1 /* Release */,
			);
			defaultConfigurationIsVisible = 0;
			defaultConfigurationName = Release;
		};
		C86DE65E2A16F7050072A9A1 /* Build configuration list for PBXNativeTarget "CodeBankMyAppUITests" */ = {
			isa = XCConfigurationList;
			buildConfigurations = (
				C86DE65F2A16F7050072A9A1 /* Debug */,
				C86DE6602A16F7050072A9A1 /* Release */,
			);
			defaultConfigurationIsVisible = 0;
			defaultConfigurationName = Release;
		};
/* End XCConfigurationList section */

/* Begin XCVersionGroup section */
		C801DE2E2A25773F00542630 /* UserModel.xcdatamodeld */ = {
			isa = XCVersionGroup;
			children = (
				C801DE2F2A25773F00542630 /* UserModel.xcdatamodel */,
			);
			currentVersion = C801DE2F2A25773F00542630 /* UserModel.xcdatamodel */;
			path = UserModel.xcdatamodeld;
			sourceTree = "<group>";
			versionGroupType = wrapper.xcdatamodel;
		};
/* End XCVersionGroup section */
	};
	rootObject = C86DE62C2A16F7040072A9A1 /* Project object */;
}
